{
  "requires": true,
  "lockfileVersion": 1,
  "dependencies": {
    "lodash.clonedeep": {
      "version": "4.5.0",
      "resolved": "https://registry.npmjs.org/lodash.clonedeep/-/lodash.clonedeep-4.5.0.tgz",
      "integrity": "sha1-4j8/nE+Pvd6HJSnBBxhXoIblzO8="
    },
    "rtcpeerconnection": {
      "version": "8.4.0",
      "resolved": "https://registry.npmjs.org/rtcpeerconnection/-/rtcpeerconnection-8.4.0.tgz",
      "integrity": "sha512-HgntXWv+7DRufcGUroOSSNTpAIFRwLWCiLyutwfyVfrmPI7E5n7xP4JlwFWC6XNJV/LBILNru9bYa/FWcvyUuA==",
      "requires": {
        "lodash.clonedeep": "^4.3.2",
        "sdp-jingle-json": "^3.0.0",
        "wildemitter": "1.x"
      }
    },
    "sdp-jingle-json": {
      "version": "3.1.0",
      "resolved": "https://registry.npmjs.org/sdp-jingle-json/-/sdp-jingle-json-3.1.0.tgz",
      "integrity": "sha512-Uu+FelZD/edNoOc64NwQP8jjbBVMggAaErGU+2cSxPZgyReJTtqtp5287p2vu7bHubERxEbiW0H1pC2fnH5GEA=="
    },
    "wildemitter": {
      "version": "1.2.1",
      "resolved": "https://registry.npmjs.org/wildemitter/-/wildemitter-1.2.1.tgz",
      "integrity": "sha512-UMmSUoIQSir+XbBpTxOTS53uJ8s/lVhADCkEbhfRjUGFDPme/XGOb0sBWLx5sTz7Wx/2+TlAw1eK9O5lw5PiEw=="
    }
  }
}
